
Microsoft Visual Studio Solution File, Format Version 12.00
# Visual Studio Version 16
VisualStudioVersion = 16.0.29613.14
MinimumVisualStudioVersion = 10.0.40219.1
Project("{FAE04EC0-301F-11D3-BF4B-00C04F79EFBC}") = "api_pdv_change", "api_pdv_change\api_pdv_change.csproj", "{05E70EC4-88E5-4861-AF9F-D4D495A99B51}"
EndProject
Project("{FAE04EC0-301F-11D3-BF4B-00C04F79EFBC}") = "Infra", "Infra\Infra.csproj", "{55BF5BB4-F2A0-44B6-8732-607611AF02A0}"
EndProject
Global
	GlobalSection(SolutionConfigurationPlatforms) = preSolution
		Debug|Any CPU = Debug|Any CPU
		Release|Any CPU = Release|Any CPU
	EndGlobalSection
	GlobalSection(ProjectConfigurationPlatforms) = postSolution
		{05E70EC4-88E5-4861-AF9F-D4D495A99B51}.Debug|Any CPU.ActiveCfg = Debug|Any CPU
		{05E70EC4-88E5-4861-AF9F-D4D495A99B51}.Debug|Any CPU.Build.0 = Debug|Any CPU
		{05E70EC4-88E5-4861-AF9F-D4D495A99B51}.Release|Any CPU.ActiveCfg = Release|Any CPU
		{05E70EC4-88E5-4861-AF9F-D4D495A99B51}.Release|Any CPU.Build.0 = Release|Any CPU
		{55BF5BB4-F2A0-44B6-8732-607611AF02A0}.Debug|Any CPU.ActiveCfg = Debug|Any CPU
		{55BF5BB4-F2A0-44B6-8732-607611AF02A0}.Debug|Any CPU.Build.0 = Debug|Any CPU
		{55BF5BB4-F2A0-44B6-8732-607611AF02A0}.Release|Any CPU.ActiveCfg = Release|Any CPU
		{55BF5BB4-F2A0-44B6-8732-607611AF02A0}.Release|Any CPU.Build.0 = Release|Any CPU
	EndGlobalSection
	GlobalSection(SolutionProperties) = preSolution
		HideSolutionNode = FALSE
	EndGlobalSection
	GlobalSection(ExtensibilityGlobals) = postSolution
		SolutionGuid = {0A647D3D-F1B8-46CB-AFB7-C61F1B56B79D}
	EndGlobalSection
EndGlobal
