
Microsoft Visual Studio Solution File, Format Version 12.00
# Visual Studio Version 16
VisualStudioVersion = 16.0.29613.14
MinimumVisualStudioVersion = 10.0.40219.1
Project("{9A19103F-16F7-4668-BE54-9A1E7A4F7556}") = "api_pdv_change", "api_pdv_change\api_pdv_change.csproj", "{05E70EC4-88E5-4861-AF9F-D4D495A99B51}"
EndProject
Project("{9A19103F-16F7-4668-BE54-9A1E7A4F7556}") = "Infra", "Infra\Infra.csproj", "{55BF5BB4-F2A0-44B6-8732-607611AF02A0}"
EndProject
Project("{9A19103F-16F7-4668-BE54-9A1E7A4F7556}") = "Entities", "Model\Entities.csproj", "{C95C0ABF-9818-48B7-A28E-0ACED784479A}"
EndProject
Project("{2150E333-8FDC-42A3-9474-1A3956D46DE8}") = "1 - App", "1 - App", "{4DE6EC0F-E734-4F23-A7E3-FB8951973E19}"
EndProject
Project("{2150E333-8FDC-42A3-9474-1A3956D46DE8}") = "2 - Infraestrutura", "2 - Infraestrutura", "{F3BC4026-08B3-4D06-A5D9-7452CA74D239}"
EndProject
Project("{2150E333-8FDC-42A3-9474-1A3956D46DE8}") = "3 - Models", "3 - Models", "{903B882D-8C22-40F6-8448-BE773D331BB4}"
EndProject
Project("{2150E333-8FDC-42A3-9474-1A3956D46DE8}") = "4 - Tests", "4 - Tests", "{2C1DD310-CB3A-4DFC-93E0-83C130FA3D79}"
EndProject
Project("{9A19103F-16F7-4668-BE54-9A1E7A4F7556}") = "InfraTests", "InfraTests\InfraTests.csproj", "{CA87B13D-0705-4E1C-85FC-10B89EC1B046}"
EndProject
Project("{E53339B2-1760-4266-BCC7-CA923CBCF16C}") = "docker-compose", "docker-compose.dcproj", "{7FF072A7-D54C-430F-B57E-E8964ACD417D}"
EndProject
Global
	GlobalSection(SolutionConfigurationPlatforms) = preSolution
		Debug|Any CPU = Debug|Any CPU
		Release|Any CPU = Release|Any CPU
	EndGlobalSection
	GlobalSection(ProjectConfigurationPlatforms) = postSolution
		{05E70EC4-88E5-4861-AF9F-D4D495A99B51}.Debug|Any CPU.ActiveCfg = Debug|Any CPU
		{05E70EC4-88E5-4861-AF9F-D4D495A99B51}.Debug|Any CPU.Build.0 = Debug|Any CPU
		{05E70EC4-88E5-4861-AF9F-D4D495A99B51}.Release|Any CPU.ActiveCfg = Release|Any CPU
		{05E70EC4-88E5-4861-AF9F-D4D495A99B51}.Release|Any CPU.Build.0 = Release|Any CPU
		{55BF5BB4-F2A0-44B6-8732-607611AF02A0}.Debug|Any CPU.ActiveCfg = Debug|Any CPU
		{55BF5BB4-F2A0-44B6-8732-607611AF02A0}.Debug|Any CPU.Build.0 = Debug|Any CPU
		{55BF5BB4-F2A0-44B6-8732-607611AF02A0}.Release|Any CPU.ActiveCfg = Release|Any CPU
		{55BF5BB4-F2A0-44B6-8732-607611AF02A0}.Release|Any CPU.Build.0 = Release|Any CPU
		{C95C0ABF-9818-48B7-A28E-0ACED784479A}.Debug|Any CPU.ActiveCfg = Debug|Any CPU
		{C95C0ABF-9818-48B7-A28E-0ACED784479A}.Debug|Any CPU.Build.0 = Debug|Any CPU
		{C95C0ABF-9818-48B7-A28E-0ACED784479A}.Release|Any CPU.ActiveCfg = Release|Any CPU
		{C95C0ABF-9818-48B7-A28E-0ACED784479A}.Release|Any CPU.Build.0 = Release|Any CPU
		{CA87B13D-0705-4E1C-85FC-10B89EC1B046}.Debug|Any CPU.ActiveCfg = Debug|Any CPU
		{CA87B13D-0705-4E1C-85FC-10B89EC1B046}.Debug|Any CPU.Build.0 = Debug|Any CPU
		{CA87B13D-0705-4E1C-85FC-10B89EC1B046}.Release|Any CPU.ActiveCfg = Release|Any CPU
		{CA87B13D-0705-4E1C-85FC-10B89EC1B046}.Release|Any CPU.Build.0 = Release|Any CPU
		{7FF072A7-D54C-430F-B57E-E8964ACD417D}.Debug|Any CPU.ActiveCfg = Debug|Any CPU
		{7FF072A7-D54C-430F-B57E-E8964ACD417D}.Debug|Any CPU.Build.0 = Debug|Any CPU
		{7FF072A7-D54C-430F-B57E-E8964ACD417D}.Release|Any CPU.ActiveCfg = Release|Any CPU
		{7FF072A7-D54C-430F-B57E-E8964ACD417D}.Release|Any CPU.Build.0 = Release|Any CPU
	EndGlobalSection
	GlobalSection(SolutionProperties) = preSolution
		HideSolutionNode = FALSE
	EndGlobalSection
	GlobalSection(NestedProjects) = preSolution
		{05E70EC4-88E5-4861-AF9F-D4D495A99B51} = {4DE6EC0F-E734-4F23-A7E3-FB8951973E19}
		{55BF5BB4-F2A0-44B6-8732-607611AF02A0} = {F3BC4026-08B3-4D06-A5D9-7452CA74D239}
		{C95C0ABF-9818-48B7-A28E-0ACED784479A} = {903B882D-8C22-40F6-8448-BE773D331BB4}
		{CA87B13D-0705-4E1C-85FC-10B89EC1B046} = {2C1DD310-CB3A-4DFC-93E0-83C130FA3D79}
	EndGlobalSection
	GlobalSection(ExtensibilityGlobals) = postSolution
		SolutionGuid = {0A647D3D-F1B8-46CB-AFB7-C61F1B56B79D}
	EndGlobalSection
EndGlobal
